
Microsoft Visual Studio Solution File, Format Version 12.00
# Visual Studio 15
VisualStudioVersion = 15.0.28307.902
MinimumVisualStudioVersion = 10.0.40219.1
Project("{FAE04EC0-301F-11D3-BF4B-00C04F79EFBC}") = "TestApiCSharp", "TestApiCSharp\TestApiCSharp.csproj", "{E48D7C7D-C869-41C6-91A1-C985EA0F156E}"
EndProject
Global
	GlobalSection(SolutionConfigurationPlatforms) = preSolution
		Debug|Any CPU = Debug|Any CPU
		Release|Any CPU = Release|Any CPU
	EndGlobalSection
	GlobalSection(ProjectConfigurationPlatforms) = postSolution
		{E48D7C7D-C869-41C6-91A1-C985EA0F156E}.Debug|Any CPU.ActiveCfg = Debug|Any CPU
		{E48D7C7D-C869-41C6-91A1-C985EA0F156E}.Debug|Any CPU.Build.0 = Debug|Any CPU
		{E48D7C7D-C869-41C6-91A1-C985EA0F156E}.Release|Any CPU.ActiveCfg = Release|Any CPU
		{E48D7C7D-C869-41C6-91A1-C985EA0F156E}.Release|Any CPU.Build.0 = Release|Any CPU
	EndGlobalSection
	GlobalSection(SolutionProperties) = preSolution
		HideSolutionNode = FALSE
	EndGlobalSection
	GlobalSection(ExtensibilityGlobals) = postSolution
		SolutionGuid = {02570865-CB9F-437F-8DAB-B9ECF863FFD0}
	EndGlobalSection
EndGlobal
